{
  "pins" : [
    {
      "identity" : "emojipicker",
      "kind" : "remoteSourceControl",
      "location" : "https://github.com/Kelvas09/EmojiPicker.git",
      "state" : {
        "revision" : "d787591e2121b617209172ad6a8ebf2975f605ae",
        "version" : "1.0.1"
      }
    },
    {
      "identity" : "isemojiview",
      "kind" : "remoteSourceControl",
      "location" : "https://github.com/isaced/ISEmojiView.git",
      "state" : {
        "revision" : "4b16e07b9265eedad2ea25b9aa042f230486234f",
        "version" : "0.3.4"
      }
    },
    {
      "identity" : "mcemojipicker",
      "kind" : "remoteSourceControl",
      "location" : "https://github.com/izyumkin/MCEmojiPicker",
      "state" : {
        "revision" : "cb561f16aa6ff769651c6c0081ec0681093caac8",
        "version" : "1.1.2"
      }
    },
    {
      "identity" : "smile",
      "kind" : "remoteSourceControl",
      "location" : "https://github.com/onmyway133/Smile",
      "state" : {
        "revision" : "40604722a7a56f735124e069fcbb58307637744b",
        "version" : "2.1.0"
      }
    }
  ],
  "version" : 2
}
